// !$*UTF8*$!
{
	archiveVersion = 1;
	classes = {
	};
	objectVersion = 46;
	objects = {

/* Begin PBXBuildFile section */
		A70D4FA41A11D7BD00271D1B /* OptionsViewController.m in Sources */ = {isa = PBXBuildFile; fileRef = A70D4FA31A11D7BD00271D1B /* OptionsViewController.m */; };
		A70D4FA71A13206700271D1B /* YQL.m in Sources */ = {isa = PBXBuildFile; fileRef = A70D4FA61A13206700271D1B /* YQL.m */; };
		A7DECA2E1A0B164F00778613 /* main.m in Sources */ = {isa = PBXBuildFile; fileRef = A7DECA2D1A0B164F00778613 /* main.m */; };
		A7DECA311A0B164F00778613 /* AppDelegate.m in Sources */ = {isa = PBXBuildFile; fileRef = A7DECA301A0B164F00778613 /* AppDelegate.m */; };
		A7DECA341A0B164F00778613 /* CtrlCenterViewController.m in Sources */ = {isa = PBXBuildFile; fileRef = A7DECA331A0B164F00778613 /* CtrlCenterViewController.m */; };
		A7DECA371A0B164F00778613 /* PortfolioViewController.m in Sources */ = {isa = PBXBuildFile; fileRef = A7DECA361A0B164F00778613 /* PortfolioViewController.m */; };
		A7DECA3A1A0B164F00778613 /* Main.storyboard in Resources */ = {isa = PBXBuildFile; fileRef = A7DECA381A0B164F00778613 /* Main.storyboard */; };
		A7DECA3C1A0B164F00778613 /* Images.xcassets in Resources */ = {isa = PBXBuildFile; fileRef = A7DECA3B1A0B164F00778613 /* Images.xcassets */; };
		A7DECA3F1A0B164F00778613 /* LaunchScreen.xib in Resources */ = {isa = PBXBuildFile; fileRef = A7DECA3D1A0B164F00778613 /* LaunchScreen.xib */; };
		A7DECA4B1A0B164F00778613 /* PlayTheMarketMK3Tests.m in Sources */ = {isa = PBXBuildFile; fileRef = A7DECA4A1A0B164F00778613 /* PlayTheMarketMK3Tests.m */; };
		A7DECA561A0B18BB00778613 /* MenuViewController.m in Sources */ = {isa = PBXBuildFile; fileRef = A7DECA551A0B18BB00778613 /* MenuViewController.m */; };
		A7DECA5C1A0B1E4B00778613 /* TabViewController.m in Sources */ = {isa = PBXBuildFile; fileRef = A7DECA5B1A0B1E4B00778613 /* TabViewController.m */; };
		A7DECA5F1A0B27F400778613 /* BrokerageViewController.m in Sources */ = {isa = PBXBuildFile; fileRef = A7DECA5E1A0B27F400778613 /* BrokerageViewController.m */; };
		A7F898351A0F241500F0A508 /* Player.m in Sources */ = {isa = PBXBuildFile; fileRef = A7F898341A0F241500F0A508 /* Player.m */; };
/* End PBXBuildFile section */

/* Begin PBXContainerItemProxy section */
		A7DECA451A0B164F00778613 /* PBXContainerItemProxy */ = {
			isa = PBXContainerItemProxy;
			containerPortal = A7DECA201A0B164F00778613 /* Project object */;
			proxyType = 1;
			remoteGlobalIDString = A7DECA271A0B164F00778613;
			remoteInfo = PlayTheMarketMK3;
		};
/* End PBXContainerItemProxy section */

/* Begin PBXFileReference section */
		A70D4FA21A11D7BD00271D1B /* OptionsViewController.h */ = {isa = PBXFileReference; fileEncoding = 4; lastKnownFileType = sourcecode.c.h; name = OptionsViewController.h; path = ../OptionsViewController.h; sourceTree = "<group>"; };
		A70D4FA31A11D7BD00271D1B /* OptionsViewController.m */ = {isa = PBXFileReference; fileEncoding = 4; lastKnownFileType = sourcecode.c.objc; name = OptionsViewController.m; path = ../OptionsViewController.m; sourceTree = "<group>"; };
		A70D4FA51A13206700271D1B /* YQL.h */ = {isa = PBXFileReference; fileEncoding = 4; lastKnownFileType = sourcecode.c.h; name = YQL.h; path = ../YQL.h; sourceTree = "<group>"; };
		A70D4FA61A13206700271D1B /* YQL.m */ = {isa = PBXFileReference; fileEncoding = 4; lastKnownFileType = sourcecode.c.objc; name = YQL.m; path = ../YQL.m; sourceTree = "<group>"; };
		A7DECA281A0B164F00778613 /* PlayTheMarketMK3.app */ = {isa = PBXFileReference; explicitFileType = wrapper.application; includeInIndex = 0; path = PlayTheMarketMK3.app; sourceTree = BUILT_PRODUCTS_DIR; };
		A7DECA2C1A0B164F00778613 /* Info.plist */ = {isa = PBXFileReference; lastKnownFileType = text.plist.xml; path = Info.plist; sourceTree = "<group>"; };
		A7DECA2D1A0B164F00778613 /* main.m */ = {isa = PBXFileReference; lastKnownFileType = sourcecode.c.objc; path = main.m; sourceTree = "<group>"; };
		A7DECA2F1A0B164F00778613 /* AppDelegate.h */ = {isa = PBXFileReference; lastKnownFileType = sourcecode.c.h; path = AppDelegate.h; sourceTree = "<group>"; };
		A7DECA301A0B164F00778613 /* AppDelegate.m */ = {isa = PBXFileReference; lastKnownFileType = sourcecode.c.objc; path = AppDelegate.m; sourceTree = "<group>"; };
		A7DECA321A0B164F00778613 /* CtrlCenterViewController.h */ = {isa = PBXFileReference; lastKnownFileType = sourcecode.c.h; path = CtrlCenterViewController.h; sourceTree = "<group>"; };
		A7DECA331A0B164F00778613 /* CtrlCenterViewController.m */ = {isa = PBXFileReference; lastKnownFileType = sourcecode.c.objc; path = CtrlCenterViewController.m; sourceTree = "<group>"; };
		A7DECA351A0B164F00778613 /* PortfolioViewController.h */ = {isa = PBXFileReference; lastKnownFileType = sourcecode.c.h; path = PortfolioViewController.h; sourceTree = "<group>"; };
		A7DECA361A0B164F00778613 /* PortfolioViewController.m */ = {isa = PBXFileReference; lastKnownFileType = sourcecode.c.objc; path = PortfolioViewController.m; sourceTree = "<group>"; };
		A7DECA391A0B164F00778613 /* Base */ = {isa = PBXFileReference; lastKnownFileType = file.storyboard; name = Base; path = Base.lproj/Main.storyboard; sourceTree = "<group>"; };
		A7DECA3B1A0B164F00778613 /* Images.xcassets */ = {isa = PBXFileReference; lastKnownFileType = folder.assetcatalog; path = Images.xcassets; sourceTree = "<group>"; };
		A7DECA3E1A0B164F00778613 /* Base */ = {isa = PBXFileReference; lastKnownFileType = file.xib; name = Base; path = Base.lproj/LaunchScreen.xib; sourceTree = "<group>"; };
		A7DECA441A0B164F00778613 /* PlayTheMarketMK3Tests.xctest */ = {isa = PBXFileReference; explicitFileType = wrapper.cfbundle; includeInIndex = 0; path = PlayTheMarketMK3Tests.xctest; sourceTree = BUILT_PRODUCTS_DIR; };
		A7DECA491A0B164F00778613 /* Info.plist */ = {isa = PBXFileReference; lastKnownFileType = text.plist.xml; path = Info.plist; sourceTree = "<group>"; };
		A7DECA4A1A0B164F00778613 /* PlayTheMarketMK3Tests.m */ = {isa = PBXFileReference; lastKnownFileType = sourcecode.c.objc; path = PlayTheMarketMK3Tests.m; sourceTree = "<group>"; };
		A7DECA541A0B18BB00778613 /* MenuViewController.h */ = {isa = PBXFileReference; fileEncoding = 4; lastKnownFileType = sourcecode.c.h; name = MenuViewController.h; path = ../MenuViewController.h; sourceTree = "<group>"; };
		A7DECA551A0B18BB00778613 /* MenuViewController.m */ = {isa = PBXFileReference; fileEncoding = 4; lastKnownFileType = sourcecode.c.objc; name = MenuViewController.m; path = ../MenuViewController.m; sourceTree = "<group>"; };
		A7DECA5A1A0B1E4B00778613 /* TabViewController.h */ = {isa = PBXFileReference; fileEncoding = 4; lastKnownFileType = sourcecode.c.h; path = TabViewController.h; sourceTree = "<group>"; };
		A7DECA5B1A0B1E4B00778613 /* TabViewController.m */ = {isa = PBXFileReference; fileEncoding = 4; lastKnownFileType = sourcecode.c.objc; path = TabViewController.m; sourceTree = "<group>"; };
		A7DECA5D1A0B27F400778613 /* BrokerageViewController.h */ = {isa = PBXFileReference; fileEncoding = 4; lastKnownFileType = sourcecode.c.h; name = BrokerageViewController.h; path = ../BrokerageViewController.h; sourceTree = "<group>"; };
		A7DECA5E1A0B27F400778613 /* BrokerageViewController.m */ = {isa = PBXFileReference; fileEncoding = 4; lastKnownFileType = sourcecode.c.objc; name = BrokerageViewController.m; path = ../BrokerageViewController.m; sourceTree = "<group>"; };
		A7F898331A0F241500F0A508 /* Player.h */ = {isa = PBXFileReference; fileEncoding = 4; lastKnownFileType = sourcecode.c.h; path = Player.h; sourceTree = "<group>"; };
		A7F898341A0F241500F0A508 /* Player.m */ = {isa = PBXFileReference; fileEncoding = 4; lastKnownFileType = sourcecode.c.objc; path = Player.m; sourceTree = "<group>"; };
/* End PBXFileReference section */

/* Begin PBXFrameworksBuildPhase section */
		A7DECA251A0B164F00778613 /* Frameworks */ = {
			isa = PBXFrameworksBuildPhase;
			buildActionMask = 2147483647;
			files = (
			);
			runOnlyForDeploymentPostprocessing = 0;
		};
		A7DECA411A0B164F00778613 /* Frameworks */ = {
			isa = PBXFrameworksBuildPhase;
			buildActionMask = 2147483647;
			files = (
			);
			runOnlyForDeploymentPostprocessing = 0;
		};
/* End PBXFrameworksBuildPhase section */

/* Begin PBXGroup section */
		A7DECA1F1A0B164F00778613 = {
			isa = PBXGroup;
			children = (
				A7DECA2A1A0B164F00778613 /* PlayTheMarketMK3 */,
				A7DECA471A0B164F00778613 /* PlayTheMarketMK3Tests */,
				A7DECA291A0B164F00778613 /* Products */,
			);
			sourceTree = "<group>";
		};
		A7DECA291A0B164F00778613 /* Products */ = {
			isa = PBXGroup;
			children = (
				A7DECA281A0B164F00778613 /* PlayTheMarketMK3.app */,
				A7DECA441A0B164F00778613 /* PlayTheMarketMK3Tests.xctest */,
			);
			name = Products;
			sourceTree = "<group>";
		};
		A7DECA2A1A0B164F00778613 /* PlayTheMarketMK3 */ = {
			isa = PBXGroup;
			children = (
				A70D4FA51A13206700271D1B /* YQL.h */,
				A70D4FA61A13206700271D1B /* YQL.m */,
				A70D4FA21A11D7BD00271D1B /* OptionsViewController.h */,
				A70D4FA31A11D7BD00271D1B /* OptionsViewController.m */,
				A7DECA5D1A0B27F400778613 /* BrokerageViewController.h */,
				A7DECA5E1A0B27F400778613 /* BrokerageViewController.m */,
				A7DECA541A0B18BB00778613 /* MenuViewController.h */,
				A7DECA551A0B18BB00778613 /* MenuViewController.m */,
				A7DECA2F1A0B164F00778613 /* AppDelegate.h */,
				A7DECA301A0B164F00778613 /* AppDelegate.m */,
				A7DECA321A0B164F00778613 /* CtrlCenterViewController.h */,
				A7DECA331A0B164F00778613 /* CtrlCenterViewController.m */,
				A7DECA351A0B164F00778613 /* PortfolioViewController.h */,
				A7DECA361A0B164F00778613 /* PortfolioViewController.m */,
				A7DECA381A0B164F00778613 /* Main.storyboard */,
				A7DECA3B1A0B164F00778613 /* Images.xcassets */,
				A7DECA3D1A0B164F00778613 /* LaunchScreen.xib */,
				A7F898331A0F241500F0A508 /* Player.h */,
				A7F898341A0F241500F0A508 /* Player.m */,
				A7DECA5A1A0B1E4B00778613 /* TabViewController.h */,
				A7DECA5B1A0B1E4B00778613 /* TabViewController.m */,
				A7DECA2B1A0B164F00778613 /* Supporting Files */,
			);
			path = PlayTheMarketMK3;
			sourceTree = "<group>";
		};
		A7DECA2B1A0B164F00778613 /* Supporting Files */ = {
			isa = PBXGroup;
			children = (
				A7DECA2C1A0B164F00778613 /* Info.plist */,
				A7DECA2D1A0B164F00778613 /* main.m */,
			);
			name = "Supporting Files";
			sourceTree = "<group>";
		};
		A7DECA471A0B164F00778613 /* PlayTheMarketMK3Tests */ = {
			isa = PBXGroup;
			children = (
				A7DECA4A1A0B164F00778613 /* PlayTheMarketMK3Tests.m */,
				A7DECA481A0B164F00778613 /* Supporting Files */,
			);
			path = PlayTheMarketMK3Tests;
			sourceTree = "<group>";
		};
		A7DECA481A0B164F00778613 /* Supporting Files */ = {
			isa = PBXGroup;
			children = (
				A7DECA491A0B164F00778613 /* Info.plist */,
			);
			name = "Supporting Files";
			sourceTree = "<group>";
		};
/* End PBXGroup section */

/* Begin PBXNativeTarget section */
		A7DECA271A0B164F00778613 /* PlayTheMarketMK3 */ = {
			isa = PBXNativeTarget;
			buildConfigurationList = A7DECA4E1A0B164F00778613 /* Build configuration list for PBXNativeTarget "PlayTheMarketMK3" */;
			buildPhases = (
				A7DECA241A0B164F00778613 /* Sources */,
				A7DECA251A0B164F00778613 /* Frameworks */,
				A7DECA261A0B164F00778613 /* Resources */,
			);
			buildRules = (
			);
			dependencies = (
			);
			name = PlayTheMarketMK3;
			productName = PlayTheMarketMK3;
			productReference = A7DECA281A0B164F00778613 /* PlayTheMarketMK3.app */;
			productType = "com.apple.product-type.application";
		};
		A7DECA431A0B164F00778613 /* PlayTheMarketMK3Tests */ = {
			isa = PBXNativeTarget;
			buildConfigurationList = A7DECA511A0B164F00778613 /* Build configuration list for PBXNativeTarget "PlayTheMarketMK3Tests" */;
			buildPhases = (
				A7DECA401A0B164F00778613 /* Sources */,
				A7DECA411A0B164F00778613 /* Frameworks */,
				A7DECA421A0B164F00778613 /* Resources */,
			);
			buildRules = (
			);
			dependencies = (
				A7DECA461A0B164F00778613 /* PBXTargetDependency */,
			);
			name = PlayTheMarketMK3Tests;
			productName = PlayTheMarketMK3Tests;
			productReference = A7DECA441A0B164F00778613 /* PlayTheMarketMK3Tests.xctest */;
			productType = "com.apple.product-type.bundle.unit-test";
		};
/* End PBXNativeTarget section */

/* Begin PBXProject section */
		A7DECA201A0B164F00778613 /* Project object */ = {
			isa = PBXProject;
			attributes = {
				LastUpgradeCheck = 0610;
				ORGANIZATIONNAME = "Brandon Fink";
				TargetAttributes = {
					A7DECA271A0B164F00778613 = {
						CreatedOnToolsVersion = 6.1;
					};
					A7DECA431A0B164F00778613 = {
						CreatedOnToolsVersion = 6.1;
						TestTargetID = A7DECA271A0B164F00778613;
					};
				};
			};
			buildConfigurationList = A7DECA231A0B164F00778613 /* Build configuration list for PBXProject "PlayTheMarketMK3" */;
			compatibilityVersion = "Xcode 3.2";
			developmentRegion = English;
			hasScannedForEncodings = 0;
			knownRegions = (
				en,
				Base,
			);
			mainGroup = A7DECA1F1A0B164F00778613;
			productRefGroup = A7DECA291A0B164F00778613 /* Products */;
			projectDirPath = "";
			projectRoot = "";
			targets = (
				A7DECA271A0B164F00778613 /* PlayTheMarketMK3 */,
				A7DECA431A0B164F00778613 /* PlayTheMarketMK3Tests */,
			);
		};
/* End PBXProject section */

/* Begin PBXResourcesBuildPhase section */
		A7DECA261A0B164F00778613 /* Resources */ = {
			isa = PBXResourcesBuildPhase;
			buildActionMask = 2147483647;
			files = (
				A7DECA3A1A0B164F00778613 /* Main.storyboard in Resources */,
				A7DECA3F1A0B164F00778613 /* LaunchScreen.xib in Resources */,
				A7DECA3C1A0B164F00778613 /* Images.xcassets in Resources */,
			);
			runOnlyForDeploymentPostprocessing = 0;
		};
		A7DECA421A0B164F00778613 /* Resources */ = {
			isa = PBXResourcesBuildPhase;
			buildActionMask = 2147483647;
			files = (
			);
			runOnlyForDeploymentPostprocessing = 0;
		};
/* End PBXResourcesBuildPhase section */

/* Begin PBXSourcesBuildPhase section */
		A7DECA241A0B164F00778613 /* Sources */ = {
			isa = PBXSourcesBuildPhase;
			buildActionMask = 2147483647;
			files = (
				A7F898351A0F241500F0A508 /* Player.m in Sources */,
				A7DECA5C1A0B1E4B00778613 /* TabViewController.m in Sources */,
				A7DECA371A0B164F00778613 /* PortfolioViewController.m in Sources */,
				A7DECA311A0B164F00778613 /* AppDelegate.m in Sources */,
				A7DECA5F1A0B27F400778613 /* BrokerageViewController.m in Sources */,
				A7DECA341A0B164F00778613 /* CtrlCenterViewController.m in Sources */,
				A70D4FA71A13206700271D1B /* YQL.m in Sources */,
				A7DECA2E1A0B164F00778613 /* main.m in Sources */,
				A7DECA561A0B18BB00778613 /* MenuViewController.m in Sources */,
				A70D4FA41A11D7BD00271D1B /* OptionsViewController.m in Sources */,
			);
			runOnlyForDeploymentPostprocessing = 0;
		};
		A7DECA401A0B164F00778613 /* Sources */ = {
			isa = PBXSourcesBuildPhase;
			buildActionMask = 2147483647;
			files = (
				A7DECA4B1A0B164F00778613 /* PlayTheMarketMK3Tests.m in Sources */,
			);
			runOnlyForDeploymentPostprocessing = 0;
		};
/* End PBXSourcesBuildPhase section */

/* Begin PBXTargetDependency section */
		A7DECA461A0B164F00778613 /* PBXTargetDependency */ = {
			isa = PBXTargetDependency;
			target = A7DECA271A0B164F00778613 /* PlayTheMarketMK3 */;
			targetProxy = A7DECA451A0B164F00778613 /* PBXContainerItemProxy */;
		};
/* End PBXTargetDependency section */

/* Begin PBXVariantGroup section */
		A7DECA381A0B164F00778613 /* Main.storyboard */ = {
			isa = PBXVariantGroup;
			children = (
				A7DECA391A0B164F00778613 /* Base */,
			);
			name = Main.storyboard;
			sourceTree = "<group>";
		};
		A7DECA3D1A0B164F00778613 /* LaunchScreen.xib */ = {
			isa = PBXVariantGroup;
			children = (
				A7DECA3E1A0B164F00778613 /* Base */,
			);
			name = LaunchScreen.xib;
			sourceTree = "<group>";
		};
/* End PBXVariantGroup section */

/* Begin XCBuildConfiguration section */
		A7DECA4C1A0B164F00778613 /* Debug */ = {
			isa = XCBuildConfiguration;
			buildSettings = {
				ALWAYS_SEARCH_USER_PATHS = NO;
				CLANG_CXX_LANGUAGE_STANDARD = "gnu++0x";
				CLANG_CXX_LIBRARY = "libc++";
				CLANG_ENABLE_MODULES = YES;
				CLANG_ENABLE_OBJC_ARC = YES;
				CLANG_WARN_BOOL_CONVERSION = YES;
				CLANG_WARN_CONSTANT_CONVERSION = YES;
				CLANG_WARN_DIRECT_OBJC_ISA_USAGE = YES_ERROR;
				CLANG_WARN_EMPTY_BODY = YES;
				CLANG_WARN_ENUM_CONVERSION = YES;
				CLANG_WARN_INT_CONVERSION = YES;
				CLANG_WARN_OBJC_ROOT_CLASS = YES_ERROR;
				CLANG_WARN_UNREACHABLE_CODE = YES;
				CLANG_WARN__DUPLICATE_METHOD_MATCH = YES;
				"CODE_SIGN_IDENTITY[sdk=iphoneos*]" = "iPhone Developer";
				COPY_PHASE_STRIP = NO;
				ENABLE_STRICT_OBJC_MSGSEND = YES;
				GCC_C_LANGUAGE_STANDARD = gnu99;
				GCC_DYNAMIC_NO_PIC = NO;
				GCC_OPTIMIZATION_LEVEL = 0;
				GCC_PREPROCESSOR_DEFINITIONS = (
					"DEBUG=1",
					"$(inherited)",
				);
				GCC_SYMBOLS_PRIVATE_EXTERN = NO;
				GCC_WARN_64_TO_32_BIT_CONVERSION = YES;
				GCC_WARN_ABOUT_RETURN_TYPE = YES_ERROR;
				GCC_WARN_UNDECLARED_SELECTOR = YES;
				GCC_WARN_UNINITIALIZED_AUTOS = YES_AGGRESSIVE;
				GCC_WARN_UNUSED_FUNCTION = YES;
				GCC_WARN_UNUSED_VARIABLE = YES;
				IPHONEOS_DEPLOYMENT_TARGET = 8.1;
				MTL_ENABLE_DEBUG_INFO = YES;
				ONLY_ACTIVE_ARCH = YES;
				SDKROOT = iphoneos;
			};
			name = Debug;
		};
		A7DECA4D1A0B164F00778613 /* Release */ = {
			isa = XCBuildConfiguration;
			buildSettings = {
				ALWAYS_SEARCH_USER_PATHS = NO;
				CLANG_CXX_LANGUAGE_STANDARD = "gnu++0x";
				CLANG_CXX_LIBRARY = "libc++";
				CLANG_ENABLE_MODULES = YES;
				CLANG_ENABLE_OBJC_ARC = YES;
				CLANG_WARN_BOOL_CONVERSION = YES;
				CLANG_WARN_CONSTANT_CONVERSION = YES;
				CLANG_WARN_DIRECT_OBJC_ISA_USAGE = YES_ERROR;
				CLANG_WARN_EMPTY_BODY = YES;
				CLANG_WARN_ENUM_CONVERSION = YES;
				CLANG_WARN_INT_CONVERSION = YES;
				CLANG_WARN_OBJC_ROOT_CLASS = YES_ERROR;
				CLANG_WARN_UNREACHABLE_CODE = YES;
				CLANG_WARN__DUPLICATE_METHOD_MATCH = YES;
				"CODE_SIGN_IDENTITY[sdk=iphoneos*]" = "iPhone Developer";
				COPY_PHASE_STRIP = YES;
				ENABLE_NS_ASSERTIONS = NO;
				ENABLE_STRICT_OBJC_MSGSEND = YES;
				GCC_C_LANGUAGE_STANDARD = gnu99;
				GCC_WARN_64_TO_32_BIT_CONVERSION = YES;
				GCC_WARN_ABOUT_RETURN_TYPE = YES_ERROR;
				GCC_WARN_UNDECLARED_SELECTOR = YES;
				GCC_WARN_UNINITIALIZED_AUTOS = YES_AGGRESSIVE;
				GCC_WARN_UNUSED_FUNCTION = YES;
				GCC_WARN_UNUSED_VARIABLE = YES;
				IPHONEOS_DEPLOYMENT_TARGET = 8.1;
				MTL_ENABLE_DEBUG_INFO = NO;
				SDKROOT = iphoneos;
				VALIDATE_PRODUCT = YES;
			};
			name = Release;
		};
		A7DECA4F1A0B164F00778613 /* Debug */ = {
			isa = XCBuildConfiguration;
			buildSettings = {
				ASSETCATALOG_COMPILER_APPICON_NAME = AppIcon;
				INFOPLIST_FILE = PlayTheMarketMK3/Info.plist;
				LD_RUNPATH_SEARCH_PATHS = "$(inherited) @executable_path/Frameworks";
				PRODUCT_NAME = "$(TARGET_NAME)";
			};
			name = Debug;
		};
		A7DECA501A0B164F00778613 /* Release */ = {
			isa = XCBuildConfiguration;
			buildSettings = {
				ASSETCATALOG_COMPILER_APPICON_NAME = AppIcon;
				INFOPLIST_FILE = PlayTheMarketMK3/Info.plist;
				LD_RUNPATH_SEARCH_PATHS = "$(inherited) @executable_path/Frameworks";
				PRODUCT_NAME = "$(TARGET_NAME)";
			};
			name = Release;
		};
		A7DECA521A0B164F00778613 /* Debug */ = {
			isa = XCBuildConfiguration;
			buildSettings = {
				BUNDLE_LOADER = "$(TEST_HOST)";
				FRAMEWORK_SEARCH_PATHS = (
					"$(SDKROOT)/Developer/Library/Frameworks",
					"$(inherited)",
				);
				GCC_PREPROCESSOR_DEFINITIONS = (
					"DEBUG=1",
					"$(inherited)",
				);
				INFOPLIST_FILE = PlayTheMarketMK3Tests/Info.plist;
				LD_RUNPATH_SEARCH_PATHS = "$(inherited) @executable_path/Frameworks @loader_path/Frameworks";
				PRODUCT_NAME = "$(TARGET_NAME)";
				TEST_HOST = "$(BUILT_PRODUCTS_DIR)/PlayTheMarketMK3.app/PlayTheMarketMK3";
			};
			name = Debug;
		};
		A7DECA531A0B164F00778613 /* Release */ = {
			isa = XCBuildConfiguration;
			buildSettings = {
				BUNDLE_LOADER = "$(TEST_HOST)";
				FRAMEWORK_SEARCH_PATHS = (
					"$(SDKROOT)/Developer/Library/Frameworks",
					"$(inherited)",
				);
				INFOPLIST_FILE = PlayTheMarketMK3Tests/Info.plist;
				LD_RUNPATH_SEARCH_PATHS = "$(inherited) @executable_path/Frameworks @loader_path/Frameworks";
				PRODUCT_NAME = "$(TARGET_NAME)";
				TEST_HOST = "$(BUILT_PRODUCTS_DIR)/PlayTheMarketMK3.app/PlayTheMarketMK3";
			};
			name = Release;
		};
/* End XCBuildConfiguration section */

/* Begin XCConfigurationList section */
		A7DECA231A0B164F00778613 /* Build configuration list for PBXProject "PlayTheMarketMK3" */ = {
			isa = XCConfigurationList;
			buildConfigurations = (
				A7DECA4C1A0B164F00778613 /* Debug */,
				A7DECA4D1A0B164F00778613 /* Release */,
			);
			defaultConfigurationIsVisible = 0;
			defaultConfigurationName = Release;
		};
		A7DECA4E1A0B164F00778613 /* Build configuration list for PBXNativeTarget "PlayTheMarketMK3" */ = {
			isa = XCConfigurationList;
			buildConfigurations = (
				A7DECA4F1A0B164F00778613 /* Debug */,
				A7DECA501A0B164F00778613 /* Release */,
			);
			defaultConfigurationIsVisible = 0;
			defaultConfigurationName = Release;
		};
		A7DECA511A0B164F00778613 /* Build configuration list for PBXNativeTarget "PlayTheMarketMK3Tests" */ = {
			isa = XCConfigurationList;
			buildConfigurations = (
				A7DECA521A0B164F00778613 /* Debug */,
				A7DECA531A0B164F00778613 /* Release */,
			);
			defaultConfigurationIsVisible = 0;
			defaultConfigurationName = Release;
		};
/* End XCConfigurationList section */
	};
	rootObject = A7DECA201A0B164F00778613 /* Project object */;
}
